
Microsoft Visual Studio Solution File, Format Version 12.00
# Visual Studio Version 16
VisualStudioVersion = 16.0.29418.71
MinimumVisualStudioVersion = 10.0.40219.1
Project("{FAE04EC0-301F-11D3-BF4B-00C04F79EFBC}") = "automation_of_drug_accounting", "automation of drug accounting-WF(csharp)\automation_of_drug_accounting.csproj", "{96327709-116F-427D-9905-96D4DB4F1FAA}"
EndProject
Global
	GlobalSection(SolutionConfigurationPlatforms) = preSolution
		Debug|Any CPU = Debug|Any CPU
		Debug|x64 = Debug|x64
		Release|Any CPU = Release|Any CPU
		Release|x64 = Release|x64
		test|Any CPU = test|Any CPU
		test|x64 = test|x64
	EndGlobalSection
	GlobalSection(ProjectConfigurationPlatforms) = postSolution
		{96327709-116F-427D-9905-96D4DB4F1FAA}.Debug|Any CPU.ActiveCfg = Release|Any CPU
		{96327709-116F-427D-9905-96D4DB4F1FAA}.Debug|Any CPU.Build.0 = Release|Any CPU
		{96327709-116F-427D-9905-96D4DB4F1FAA}.Debug|x64.ActiveCfg = Debug|x64
		{96327709-116F-427D-9905-96D4DB4F1FAA}.Debug|x64.Build.0 = Debug|x64
		{96327709-116F-427D-9905-96D4DB4F1FAA}.Release|Any CPU.ActiveCfg = Release|Any CPU
		{96327709-116F-427D-9905-96D4DB4F1FAA}.Release|Any CPU.Build.0 = Release|Any CPU
		{96327709-116F-427D-9905-96D4DB4F1FAA}.Release|x64.ActiveCfg = Release|x64
		{96327709-116F-427D-9905-96D4DB4F1FAA}.Release|x64.Build.0 = Release|x64
		{96327709-116F-427D-9905-96D4DB4F1FAA}.test|Any CPU.ActiveCfg = test|Any CPU
		{96327709-116F-427D-9905-96D4DB4F1FAA}.test|Any CPU.Build.0 = test|Any CPU
		{96327709-116F-427D-9905-96D4DB4F1FAA}.test|x64.ActiveCfg = test|x64
		{96327709-116F-427D-9905-96D4DB4F1FAA}.test|x64.Build.0 = test|x64
	EndGlobalSection
	GlobalSection(SolutionProperties) = preSolution
		HideSolutionNode = FALSE
	EndGlobalSection
	GlobalSection(ExtensibilityGlobals) = postSolution
		SolutionGuid = {49A0CAF5-A969-4D54-BEBF-163DE66273A3}
	EndGlobalSection
EndGlobal
